
Microsoft Visual Studio Solution File, Format Version 12.00
# Visual Studio 15
VisualStudioVersion = 15.0.28010.2041
MinimumVisualStudioVersion = 10.0.40219.1
Project("{FAE04EC0-301F-11D3-BF4B-00C04F79EFBC}") = "QuickSort", "QuickSort\QuickSort.csproj", "{95C9EF0F-6CBD-49AF-B6D5-4FAA4532F274}"
EndProject
Global
	GlobalSection(SolutionConfigurationPlatforms) = preSolution
		Debug|Any CPU = Debug|Any CPU
		Release|Any CPU = Release|Any CPU
	EndGlobalSection
	GlobalSection(ProjectConfigurationPlatforms) = postSolution
		{95C9EF0F-6CBD-49AF-B6D5-4FAA4532F274}.Debug|Any CPU.ActiveCfg = Debug|Any CPU
		{95C9EF0F-6CBD-49AF-B6D5-4FAA4532F274}.Debug|Any CPU.Build.0 = Debug|Any CPU
		{95C9EF0F-6CBD-49AF-B6D5-4FAA4532F274}.Release|Any CPU.ActiveCfg = Release|Any CPU
		{95C9EF0F-6CBD-49AF-B6D5-4FAA4532F274}.Release|Any CPU.Build.0 = Release|Any CPU
	EndGlobalSection
	GlobalSection(SolutionProperties) = preSolution
		HideSolutionNode = FALSE
	EndGlobalSection
	GlobalSection(ExtensibilityGlobals) = postSolution
		SolutionGuid = {8EDA26A1-877B-4B78-AB9A-8938763A6519}
	EndGlobalSection
EndGlobal
