
Microsoft Visual Studio Solution File, Format Version 12.00
# Visual Studio 15
VisualStudioVersion = 15.0.28010.2041
MinimumVisualStudioVersion = 10.0.40219.1
Project("{FAE04EC0-301F-11D3-BF4B-00C04F79EFBC}") = "Graphs", "Graphs\Graphs.csproj", "{BCE1C7CB-FCEF-4478-8404-DEFCB98847EE}"
EndProject
Global
	GlobalSection(SolutionConfigurationPlatforms) = preSolution
		Debug|Any CPU = Debug|Any CPU
		Release|Any CPU = Release|Any CPU
	EndGlobalSection
	GlobalSection(ProjectConfigurationPlatforms) = postSolution
		{BCE1C7CB-FCEF-4478-8404-DEFCB98847EE}.Debug|Any CPU.ActiveCfg = Debug|Any CPU
		{BCE1C7CB-FCEF-4478-8404-DEFCB98847EE}.Debug|Any CPU.Build.0 = Debug|Any CPU
		{BCE1C7CB-FCEF-4478-8404-DEFCB98847EE}.Release|Any CPU.ActiveCfg = Release|Any CPU
		{BCE1C7CB-FCEF-4478-8404-DEFCB98847EE}.Release|Any CPU.Build.0 = Release|Any CPU
	EndGlobalSection
	GlobalSection(SolutionProperties) = preSolution
		HideSolutionNode = FALSE
	EndGlobalSection
	GlobalSection(ExtensibilityGlobals) = postSolution
		SolutionGuid = {CCFDB120-28FD-49F8-850F-428838791C62}
	EndGlobalSection
EndGlobal
