
Microsoft Visual Studio Solution File, Format Version 12.00
# Visual Studio 15
VisualStudioVersion = 15.0.28010.2041
MinimumVisualStudioVersion = 10.0.40219.1
Project("{9A19103F-16F7-4668-BE54-9A1E7A4F7556}") = "FindMaxValue", "FindMaxValue\FindMaxValue.csproj", "{CA6CE968-AB38-4C96-B383-1BE8E6E16531}"
EndProject
Project("{FAE04EC0-301F-11D3-BF4B-00C04F79EFBC}") = "XUnitTestProject1", "XUnitTestProject1\XUnitTestProject1.csproj", "{89FC3D0D-A93F-4889-A348-4B05594FAF56}"
EndProject
Global
	GlobalSection(SolutionConfigurationPlatforms) = preSolution
		Debug|Any CPU = Debug|Any CPU
		Release|Any CPU = Release|Any CPU
	EndGlobalSection
	GlobalSection(ProjectConfigurationPlatforms) = postSolution
		{CA6CE968-AB38-4C96-B383-1BE8E6E16531}.Debug|Any CPU.ActiveCfg = Debug|Any CPU
		{CA6CE968-AB38-4C96-B383-1BE8E6E16531}.Debug|Any CPU.Build.0 = Debug|Any CPU
		{CA6CE968-AB38-4C96-B383-1BE8E6E16531}.Release|Any CPU.ActiveCfg = Release|Any CPU
		{CA6CE968-AB38-4C96-B383-1BE8E6E16531}.Release|Any CPU.Build.0 = Release|Any CPU
		{89FC3D0D-A93F-4889-A348-4B05594FAF56}.Debug|Any CPU.ActiveCfg = Debug|Any CPU
		{89FC3D0D-A93F-4889-A348-4B05594FAF56}.Debug|Any CPU.Build.0 = Debug|Any CPU
		{89FC3D0D-A93F-4889-A348-4B05594FAF56}.Release|Any CPU.ActiveCfg = Release|Any CPU
		{89FC3D0D-A93F-4889-A348-4B05594FAF56}.Release|Any CPU.Build.0 = Release|Any CPU
	EndGlobalSection
	GlobalSection(SolutionProperties) = preSolution
		HideSolutionNode = FALSE
	EndGlobalSection
	GlobalSection(ExtensibilityGlobals) = postSolution
		SolutionGuid = {18E3E9CC-FCA7-42A7-B984-9990DBF5D403}
	EndGlobalSection
EndGlobal
