
Microsoft Visual Studio Solution File, Format Version 12.00
# Visual Studio 15
VisualStudioVersion = 15.0.28010.2041
MinimumVisualStudioVersion = 10.0.40219.1
Project("{FAE04EC0-301F-11D3-BF4B-00C04F79EFBC}") = "LinkedLists", "LinkedLists\LinkedLists.csproj", "{71134F12-F401-4B97-9740-8483CF391048}"
EndProject
Project("{FAE04EC0-301F-11D3-BF4B-00C04F79EFBC}") = "XUnitTestProject1", "XUnitTestProject1\XUnitTestProject1.csproj", "{1B49998D-E10D-4145-8798-1DEEE9CA2F3B}"
EndProject
Global
	GlobalSection(SolutionConfigurationPlatforms) = preSolution
		Debug|Any CPU = Debug|Any CPU
		Release|Any CPU = Release|Any CPU
	EndGlobalSection
	GlobalSection(ProjectConfigurationPlatforms) = postSolution
		{71134F12-F401-4B97-9740-8483CF391048}.Debug|Any CPU.ActiveCfg = Debug|Any CPU
		{71134F12-F401-4B97-9740-8483CF391048}.Debug|Any CPU.Build.0 = Debug|Any CPU
		{71134F12-F401-4B97-9740-8483CF391048}.Release|Any CPU.ActiveCfg = Release|Any CPU
		{71134F12-F401-4B97-9740-8483CF391048}.Release|Any CPU.Build.0 = Release|Any CPU
		{1B49998D-E10D-4145-8798-1DEEE9CA2F3B}.Debug|Any CPU.ActiveCfg = Debug|Any CPU
		{1B49998D-E10D-4145-8798-1DEEE9CA2F3B}.Debug|Any CPU.Build.0 = Debug|Any CPU
		{1B49998D-E10D-4145-8798-1DEEE9CA2F3B}.Release|Any CPU.ActiveCfg = Release|Any CPU
		{1B49998D-E10D-4145-8798-1DEEE9CA2F3B}.Release|Any CPU.Build.0 = Release|Any CPU
	EndGlobalSection
	GlobalSection(SolutionProperties) = preSolution
		HideSolutionNode = FALSE
	EndGlobalSection
	GlobalSection(ExtensibilityGlobals) = postSolution
		SolutionGuid = {A44917A2-83FF-4541-BE42-0CEADF9DA31F}
	EndGlobalSection
EndGlobal
